
Microsoft Visual Studio Solution File, Format Version 12.00
# Visual Studio Version 16
VisualStudioVersion = 16.0.30523.141
MinimumVisualStudioVersion = 10.0.40219.1
Project("{8BC9CEB8-8B4A-11D0-8D11-00A0C91BC942}") = "can-diagnostic-tool", "can-diagnostic-tool.vcxproj", "{33111148-57E0-457B-B797-B88962783560}"
EndProject
Project("{2150E333-8FDC-42A3-9474-1A3956D46DE8}") = "Solution Items", "Solution Items", "{7C28C742-0B58-4C31-845E-91D97B8E6B7A}"
	ProjectSection(SolutionItems) = preProject
		.gitignore = .gitignore
	EndProjectSection
EndProject
Global
	GlobalSection(SolutionConfigurationPlatforms) = preSolution
		Debug|x64 = Debug|x64
		Release|x64 = Release|x64
	EndGlobalSection
	GlobalSection(ProjectConfigurationPlatforms) = postSolution
		{33111148-57E0-457B-B797-B88962783560}.Debug|x64.ActiveCfg = Debug|x64
		{33111148-57E0-457B-B797-B88962783560}.Debug|x64.Build.0 = Debug|x64
		{33111148-57E0-457B-B797-B88962783560}.Release|x64.ActiveCfg = Release|x64
		{33111148-57E0-457B-B797-B88962783560}.Release|x64.Build.0 = Release|x64
	EndGlobalSection
	GlobalSection(SolutionProperties) = preSolution
		HideSolutionNode = FALSE
	EndGlobalSection
	GlobalSection(ExtensibilityGlobals) = postSolution
		SolutionGuid = {DAF0BC83-63AD-4FC1-81D9-FCE8D96798CE}
	EndGlobalSection
EndGlobal
